// !$*UTF8*$!
{
	archiveVersion = 1;
	classes = {
	};
	objectVersion = 56;
	objects = {

/* Begin PBXBuildFile section */
		77BE75F62C07DA6700813093 /* AppDelegate.swift in Sources */ = {isa = PBXBuildFile; fileRef = 77BE75F52C07DA6700813093 /* AppDelegate.swift */; };
		77BE75F82C07DA6700813093 /* SceneDelegate.swift in Sources */ = {isa = PBXBuildFile; fileRef = 77BE75F72C07DA6700813093 /* SceneDelegate.swift */; };
		77BE75FA2C07DA6700813093 /* HomePageVC.swift in Sources */ = {isa = PBXBuildFile; fileRef = 77BE75F92C07DA6700813093 /* HomePageVC.swift */; };
		77BE75FD2C07DA6700813093 /* Main.storyboard in Resources */ = {isa = PBXBuildFile; fileRef = 77BE75FB2C07DA6700813093 /* Main.storyboard */; };
		77BE75FF2C07DA6900813093 /* Assets.xcassets in Resources */ = {isa = PBXBuildFile; fileRef = 77BE75FE2C07DA6900813093 /* Assets.xcassets */; };
		77BE76022C07DA6900813093 /* LaunchScreen.storyboard in Resources */ = {isa = PBXBuildFile; fileRef = 77BE76002C07DA6900813093 /* LaunchScreen.storyboard */; };
		77BE760A2C07DBFB00813093 /* DetailsVC.swift in Sources */ = {isa = PBXBuildFile; fileRef = 77BE76092C07DBFB00813093 /* DetailsVC.swift */; };
		77BE760C2C07DC0D00813093 /* MovieCell.swift in Sources */ = {isa = PBXBuildFile; fileRef = 77BE760B2C07DC0D00813093 /* MovieCell.swift */; };
		77BE760E2C07DDAF00813093 /* Movie.swift in Sources */ = {isa = PBXBuildFile; fileRef = 77BE760D2C07DDAF00813093 /* Movie.swift */; };
/* End PBXBuildFile section */

/* Begin PBXFileReference section */
		77BE75F22C07DA6700813093 /* MoviesApp_Firestore.app */ = {isa = PBXFileReference; explicitFileType = wrapper.application; includeInIndex = 0; path = MoviesApp_Firestore.app; sourceTree = BUILT_PRODUCTS_DIR; };
		77BE75F52C07DA6700813093 /* AppDelegate.swift */ = {isa = PBXFileReference; lastKnownFileType = sourcecode.swift; path = AppDelegate.swift; sourceTree = "<group>"; };
		77BE75F72C07DA6700813093 /* SceneDelegate.swift */ = {isa = PBXFileReference; lastKnownFileType = sourcecode.swift; path = SceneDelegate.swift; sourceTree = "<group>"; };
		77BE75F92C07DA6700813093 /* HomePageVC.swift */ = {isa = PBXFileReference; lastKnownFileType = sourcecode.swift; path = HomePageVC.swift; sourceTree = "<group>"; };
		77BE75FC2C07DA6700813093 /* Base */ = {isa = PBXFileReference; lastKnownFileType = file.storyboard; name = Base; path = Base.lproj/Main.storyboard; sourceTree = "<group>"; };
		77BE75FE2C07DA6900813093 /* Assets.xcassets */ = {isa = PBXFileReference; lastKnownFileType = folder.assetcatalog; path = Assets.xcassets; sourceTree = "<group>"; };
		77BE76012C07DA6900813093 /* Base */ = {isa = PBXFileReference; lastKnownFileType = file.storyboard; name = Base; path = Base.lproj/LaunchScreen.storyboard; sourceTree = "<group>"; };
		77BE76032C07DA6900813093 /* Info.plist */ = {isa = PBXFileReference; lastKnownFileType = text.plist.xml; path = Info.plist; sourceTree = "<group>"; };
		77BE76092C07DBFB00813093 /* DetailsVC.swift */ = {isa = PBXFileReference; lastKnownFileType = sourcecode.swift; path = DetailsVC.swift; sourceTree = "<group>"; };
		77BE760B2C07DC0D00813093 /* MovieCell.swift */ = {isa = PBXFileReference; lastKnownFileType = sourcecode.swift; path = MovieCell.swift; sourceTree = "<group>"; };
		77BE760D2C07DDAF00813093 /* Movie.swift */ = {isa = PBXFileReference; lastKnownFileType = sourcecode.swift; path = Movie.swift; sourceTree = "<group>"; };
/* End PBXFileReference section */

/* Begin PBXFrameworksBuildPhase section */
		77BE75EF2C07DA6700813093 /* Frameworks */ = {
			isa = PBXFrameworksBuildPhase;
			buildActionMask = 2147483647;
			files = (
			);
			runOnlyForDeploymentPostprocessing = 0;
		};
/* End PBXFrameworksBuildPhase section */

/* Begin PBXGroup section */
		77BE75E92C07DA6700813093 = {
			isa = PBXGroup;
			children = (
				77BE75F42C07DA6700813093 /* MoviesApp_Firestore */,
				77BE75F32C07DA6700813093 /* Products */,
			);
			sourceTree = "<group>";
		};
		77BE75F32C07DA6700813093 /* Products */ = {
			isa = PBXGroup;
			children = (
				77BE75F22C07DA6700813093 /* MoviesApp_Firestore.app */,
			);
			name = Products;
			sourceTree = "<group>";
		};
		77BE75F42C07DA6700813093 /* MoviesApp_Firestore */ = {
			isa = PBXGroup;
			children = (
				77BE75F52C07DA6700813093 /* AppDelegate.swift */,
				77BE75F72C07DA6700813093 /* SceneDelegate.swift */,
				77BE76102C07DF8400813093 /* ui */,
				77BE760F2C07DF7F00813093 /* data */,
				77BE75FB2C07DA6700813093 /* Main.storyboard */,
				77BE75FE2C07DA6900813093 /* Assets.xcassets */,
				77BE76002C07DA6900813093 /* LaunchScreen.storyboard */,
				77BE76032C07DA6900813093 /* Info.plist */,
			);
			path = MoviesApp_Firestore;
			sourceTree = "<group>";
		};
		77BE760F2C07DF7F00813093 /* data */ = {
			isa = PBXGroup;
			children = (
				77BE76122C07DF9000813093 /* repo */,
				77BE76112C07DF8B00813093 /* entity */,
			);
			path = data;
			sourceTree = "<group>";
		};
		77BE76102C07DF8400813093 /* ui */ = {
			isa = PBXGroup;
			children = (
				77BE76152C07DFA900813093 /* viewmodels */,
				77BE76142C07DF9C00813093 /* collectioncell */,
				77BE76132C07DF9600813093 /* views */,
			);
			path = ui;
			sourceTree = "<group>";
		};
		77BE76112C07DF8B00813093 /* entity */ = {
			isa = PBXGroup;
			children = (
				77BE760D2C07DDAF00813093 /* Movie.swift */,
			);
			path = entity;
			sourceTree = "<group>";
		};
		77BE76122C07DF9000813093 /* repo */ = {
			isa = PBXGroup;
			children = (
			);
			path = repo;
			sourceTree = "<group>";
		};
		77BE76132C07DF9600813093 /* views */ = {
			isa = PBXGroup;
			children = (
				77BE75F92C07DA6700813093 /* HomePageVC.swift */,
				77BE76092C07DBFB00813093 /* DetailsVC.swift */,
			);
			path = views;
			sourceTree = "<group>";
		};
		77BE76142C07DF9C00813093 /* collectioncell */ = {
			isa = PBXGroup;
			children = (
				77BE760B2C07DC0D00813093 /* MovieCell.swift */,
			);
			path = collectioncell;
			sourceTree = "<group>";
		};
		77BE76152C07DFA900813093 /* viewmodels */ = {
			isa = PBXGroup;
			children = (
			);
			path = viewmodels;
			sourceTree = "<group>";
		};
/* End PBXGroup section */

/* Begin PBXNativeTarget section */
		77BE75F12C07DA6700813093 /* MoviesApp_Firestore */ = {
			isa = PBXNativeTarget;
			buildConfigurationList = 77BE76062C07DA6900813093 /* Build configuration list for PBXNativeTarget "MoviesApp_Firestore" */;
			buildPhases = (
				77BE75EE2C07DA6700813093 /* Sources */,
				77BE75EF2C07DA6700813093 /* Frameworks */,
				77BE75F02C07DA6700813093 /* Resources */,
			);
			buildRules = (
			);
			dependencies = (
			);
			name = MoviesApp_Firestore;
			productName = MoviesApp_Firestore;
			productReference = 77BE75F22C07DA6700813093 /* MoviesApp_Firestore.app */;
			productType = "com.apple.product-type.application";
		};
/* End PBXNativeTarget section */

/* Begin PBXProject section */
		77BE75EA2C07DA6700813093 /* Project object */ = {
			isa = PBXProject;
			attributes = {
				BuildIndependentTargetsInParallel = 1;
				LastSwiftUpdateCheck = 1510;
				LastUpgradeCheck = 1510;
				TargetAttributes = {
					77BE75F12C07DA6700813093 = {
						CreatedOnToolsVersion = 15.1;
					};
				};
			};
			buildConfigurationList = 77BE75ED2C07DA6700813093 /* Build configuration list for PBXProject "MoviesApp_Firestore" */;
			compatibilityVersion = "Xcode 14.0";
			developmentRegion = en;
			hasScannedForEncodings = 0;
			knownRegions = (
				en,
				Base,
			);
			mainGroup = 77BE75E92C07DA6700813093;
			productRefGroup = 77BE75F32C07DA6700813093 /* Products */;
			projectDirPath = "";
			projectRoot = "";
			targets = (
				77BE75F12C07DA6700813093 /* MoviesApp_Firestore */,
			);
		};
/* End PBXProject section */

/* Begin PBXResourcesBuildPhase section */
		77BE75F02C07DA6700813093 /* Resources */ = {
			isa = PBXResourcesBuildPhase;
			buildActionMask = 2147483647;
			files = (
				77BE76022C07DA6900813093 /* LaunchScreen.storyboard in Resources */,
				77BE75FF2C07DA6900813093 /* Assets.xcassets in Resources */,
				77BE75FD2C07DA6700813093 /* Main.storyboard in Resources */,
			);
			runOnlyForDeploymentPostprocessing = 0;
		};
/* End PBXResourcesBuildPhase section */

/* Begin PBXSourcesBuildPhase section */
		77BE75EE2C07DA6700813093 /* Sources */ = {
			isa = PBXSourcesBuildPhase;
			buildActionMask = 2147483647;
			files = (
				77BE75FA2C07DA6700813093 /* HomePageVC.swift in Sources */,
				77BE760A2C07DBFB00813093 /* DetailsVC.swift in Sources */,
				77BE760E2C07DDAF00813093 /* Movie.swift in Sources */,
				77BE75F62C07DA6700813093 /* AppDelegate.swift in Sources */,
				77BE760C2C07DC0D00813093 /* MovieCell.swift in Sources */,
				77BE75F82C07DA6700813093 /* SceneDelegate.swift in Sources */,
			);
			runOnlyForDeploymentPostprocessing = 0;
		};
/* End PBXSourcesBuildPhase section */

/* Begin PBXVariantGroup section */
		77BE75FB2C07DA6700813093 /* Main.storyboard */ = {
			isa = PBXVariantGroup;
			children = (
				77BE75FC2C07DA6700813093 /* Base */,
			);
			name = Main.storyboard;
			sourceTree = "<group>";
		};
		77BE76002C07DA6900813093 /* LaunchScreen.storyboard */ = {
			isa = PBXVariantGroup;
			children = (
				77BE76012C07DA6900813093 /* Base */,
			);
			name = LaunchScreen.storyboard;
			sourceTree = "<group>";
		};
/* End PBXVariantGroup section */

/* Begin XCBuildConfiguration section */
		77BE76042C07DA6900813093 /* Debug */ = {
			isa = XCBuildConfiguration;
			buildSettings = {
				ALWAYS_SEARCH_USER_PATHS = NO;
				ASSETCATALOG_COMPILER_GENERATE_SWIFT_ASSET_SYMBOL_EXTENSIONS = YES;
				CLANG_ANALYZER_NONNULL = YES;
				CLANG_ANALYZER_NUMBER_OBJECT_CONVERSION = YES_AGGRESSIVE;
				CLANG_CXX_LANGUAGE_STANDARD = "gnu++20";
				CLANG_ENABLE_MODULES = YES;
				CLANG_ENABLE_OBJC_ARC = YES;
				CLANG_ENABLE_OBJC_WEAK = YES;
				CLANG_WARN_BLOCK_CAPTURE_AUTORELEASING = YES;
				CLANG_WARN_BOOL_CONVERSION = YES;
				CLANG_WARN_COMMA = YES;
				CLANG_WARN_CONSTANT_CONVERSION = YES;
				CLANG_WARN_DEPRECATED_OBJC_IMPLEMENTATIONS = YES;
				CLANG_WARN_DIRECT_OBJC_ISA_USAGE = YES_ERROR;
				CLANG_WARN_DOCUMENTATION_COMMENTS = YES;
				CLANG_WARN_EMPTY_BODY = YES;
				CLANG_WARN_ENUM_CONVERSION = YES;
				CLANG_WARN_INFINITE_RECURSION = YES;
				CLANG_WARN_INT_CONVERSION = YES;
				CLANG_WARN_NON_LITERAL_NULL_CONVERSION = YES;
				CLANG_WARN_OBJC_IMPLICIT_RETAIN_SELF = YES;
				CLANG_WARN_OBJC_LITERAL_CONVERSION = YES;
				CLANG_WARN_OBJC_ROOT_CLASS = YES_ERROR;
				CLANG_WARN_QUOTED_INCLUDE_IN_FRAMEWORK_HEADER = YES;
				CLANG_WARN_RANGE_LOOP_ANALYSIS = YES;
				CLANG_WARN_STRICT_PROTOTYPES = YES;
				CLANG_WARN_SUSPICIOUS_MOVE = YES;
				CLANG_WARN_UNGUARDED_AVAILABILITY = YES_AGGRESSIVE;
				CLANG_WARN_UNREACHABLE_CODE = YES;
				CLANG_WARN__DUPLICATE_METHOD_MATCH = YES;
				COPY_PHASE_STRIP = NO;
				DEBUG_INFORMATION_FORMAT = dwarf;
				ENABLE_STRICT_OBJC_MSGSEND = YES;
				ENABLE_TESTABILITY = YES;
				ENABLE_USER_SCRIPT_SANDBOXING = YES;
				GCC_C_LANGUAGE_STANDARD = gnu17;
				GCC_DYNAMIC_NO_PIC = NO;
				GCC_NO_COMMON_BLOCKS = YES;
				GCC_OPTIMIZATION_LEVEL = 0;
				GCC_PREPROCESSOR_DEFINITIONS = (
					"DEBUG=1",
					"$(inherited)",
				);
				GCC_WARN_64_TO_32_BIT_CONVERSION = YES;
				GCC_WARN_ABOUT_RETURN_TYPE = YES_ERROR;
				GCC_WARN_UNDECLARED_SELECTOR = YES;
				GCC_WARN_UNINITIALIZED_AUTOS = YES_AGGRESSIVE;
				GCC_WARN_UNUSED_FUNCTION = YES;
				GCC_WARN_UNUSED_VARIABLE = YES;
				IPHONEOS_DEPLOYMENT_TARGET = 17.2;
				LOCALIZATION_PREFERS_STRING_CATALOGS = YES;
				MTL_ENABLE_DEBUG_INFO = INCLUDE_SOURCE;
				MTL_FAST_MATH = YES;
				ONLY_ACTIVE_ARCH = YES;
				SDKROOT = iphoneos;
				SWIFT_ACTIVE_COMPILATION_CONDITIONS = "DEBUG $(inherited)";
				SWIFT_OPTIMIZATION_LEVEL = "-Onone";
			};
			name = Debug;
		};
		77BE76052C07DA6900813093 /* Release */ = {
			isa = XCBuildConfiguration;
			buildSettings = {
				ALWAYS_SEARCH_USER_PATHS = NO;
				ASSETCATALOG_COMPILER_GENERATE_SWIFT_ASSET_SYMBOL_EXTENSIONS = YES;
				CLANG_ANALYZER_NONNULL = YES;
				CLANG_ANALYZER_NUMBER_OBJECT_CONVERSION = YES_AGGRESSIVE;
				CLANG_CXX_LANGUAGE_STANDARD = "gnu++20";
				CLANG_ENABLE_MODULES = YES;
				CLANG_ENABLE_OBJC_ARC = YES;
				CLANG_ENABLE_OBJC_WEAK = YES;
				CLANG_WARN_BLOCK_CAPTURE_AUTORELEASING = YES;
				CLANG_WARN_BOOL_CONVERSION = YES;
				CLANG_WARN_COMMA = YES;
				CLANG_WARN_CONSTANT_CONVERSION = YES;
				CLANG_WARN_DEPRECATED_OBJC_IMPLEMENTATIONS = YES;
				CLANG_WARN_DIRECT_OBJC_ISA_USAGE = YES_ERROR;
				CLANG_WARN_DOCUMENTATION_COMMENTS = YES;
				CLANG_WARN_EMPTY_BODY = YES;
				CLANG_WARN_ENUM_CONVERSION = YES;
				CLANG_WARN_INFINITE_RECURSION = YES;
				CLANG_WARN_INT_CONVERSION = YES;
				CLANG_WARN_NON_LITERAL_NULL_CONVERSION = YES;
				CLANG_WARN_OBJC_IMPLICIT_RETAIN_SELF = YES;
				CLANG_WARN_OBJC_LITERAL_CONVERSION = YES;
				CLANG_WARN_OBJC_ROOT_CLASS = YES_ERROR;
				CLANG_WARN_QUOTED_INCLUDE_IN_FRAMEWORK_HEADER = YES;
				CLANG_WARN_RANGE_LOOP_ANALYSIS = YES;
				CLANG_WARN_STRICT_PROTOTYPES = YES;
				CLANG_WARN_SUSPICIOUS_MOVE = YES;
				CLANG_WARN_UNGUARDED_AVAILABILITY = YES_AGGRESSIVE;
				CLANG_WARN_UNREACHABLE_CODE = YES;
				CLANG_WARN__DUPLICATE_METHOD_MATCH = YES;
				COPY_PHASE_STRIP = NO;
				DEBUG_INFORMATION_FORMAT = "dwarf-with-dsym";
				ENABLE_NS_ASSERTIONS = NO;
				ENABLE_STRICT_OBJC_MSGSEND = YES;
				ENABLE_USER_SCRIPT_SANDBOXING = YES;
				GCC_C_LANGUAGE_STANDARD = gnu17;
				GCC_NO_COMMON_BLOCKS = YES;
				GCC_WARN_64_TO_32_BIT_CONVERSION = YES;
				GCC_WARN_ABOUT_RETURN_TYPE = YES_ERROR;
				GCC_WARN_UNDECLARED_SELECTOR = YES;
				GCC_WARN_UNINITIALIZED_AUTOS = YES_AGGRESSIVE;
				GCC_WARN_UNUSED_FUNCTION = YES;
				GCC_WARN_UNUSED_VARIABLE = YES;
				IPHONEOS_DEPLOYMENT_TARGET = 17.2;
				LOCALIZATION_PREFERS_STRING_CATALOGS = YES;
				MTL_ENABLE_DEBUG_INFO = NO;
				MTL_FAST_MATH = YES;
				SDKROOT = iphoneos;
				SWIFT_COMPILATION_MODE = wholemodule;
				VALIDATE_PRODUCT = YES;
			};
			name = Release;
		};
		77BE76072C07DA6900813093 /* Debug */ = {
			isa = XCBuildConfiguration;
			buildSettings = {
				ASSETCATALOG_COMPILER_APPICON_NAME = AppIcon;
				ASSETCATALOG_COMPILER_GLOBAL_ACCENT_COLOR_NAME = AccentColor;
				CODE_SIGN_STYLE = Automatic;
				CURRENT_PROJECT_VERSION = 1;
				DEVELOPMENT_TEAM = 24F98Z3S44;
				GENERATE_INFOPLIST_FILE = YES;
				INFOPLIST_FILE = MoviesApp_Firestore/Info.plist;
				INFOPLIST_KEY_UIApplicationSupportsIndirectInputEvents = YES;
				INFOPLIST_KEY_UILaunchStoryboardName = LaunchScreen;
				INFOPLIST_KEY_UIMainStoryboardFile = Main;
				INFOPLIST_KEY_UISupportedInterfaceOrientations_iPad = "UIInterfaceOrientationPortrait UIInterfaceOrientationPortraitUpsideDown UIInterfaceOrientationLandscapeLeft UIInterfaceOrientationLandscapeRight";
				INFOPLIST_KEY_UISupportedInterfaceOrientations_iPhone = "UIInterfaceOrientationPortrait UIInterfaceOrientationLandscapeLeft UIInterfaceOrientationLandscapeRight";
				LD_RUNPATH_SEARCH_PATHS = (
					"$(inherited)",
					"@executable_path/Frameworks",
				);
				MARKETING_VERSION = 1.0;
				PRODUCT_BUNDLE_IDENTIFIER = "com.onurcankurt.MoviesApp-Firestore";
				PRODUCT_NAME = "$(TARGET_NAME)";
				SWIFT_EMIT_LOC_STRINGS = YES;
				SWIFT_VERSION = 5.0;
				TARGETED_DEVICE_FAMILY = "1,2";
			};
			name = Debug;
		};
		77BE76082C07DA6900813093 /* Release */ = {
			isa = XCBuildConfiguration;
			buildSettings = {
				ASSETCATALOG_COMPILER_APPICON_NAME = AppIcon;
				ASSETCATALOG_COMPILER_GLOBAL_ACCENT_COLOR_NAME = AccentColor;
				CODE_SIGN_STYLE = Automatic;
				CURRENT_PROJECT_VERSION = 1;
				DEVELOPMENT_TEAM = 24F98Z3S44;
				GENERATE_INFOPLIST_FILE = YES;
				INFOPLIST_FILE = MoviesApp_Firestore/Info.plist;
				INFOPLIST_KEY_UIApplicationSupportsIndirectInputEvents = YES;
				INFOPLIST_KEY_UILaunchStoryboardName = LaunchScreen;
				INFOPLIST_KEY_UIMainStoryboardFile = Main;
				INFOPLIST_KEY_UISupportedInterfaceOrientations_iPad = "UIInterfaceOrientationPortrait UIInterfaceOrientationPortraitUpsideDown UIInterfaceOrientationLandscapeLeft UIInterfaceOrientationLandscapeRight";
				INFOPLIST_KEY_UISupportedInterfaceOrientations_iPhone = "UIInterfaceOrientationPortrait UIInterfaceOrientationLandscapeLeft UIInterfaceOrientationLandscapeRight";
				LD_RUNPATH_SEARCH_PATHS = (
					"$(inherited)",
					"@executable_path/Frameworks",
				);
				MARKETING_VERSION = 1.0;
				PRODUCT_BUNDLE_IDENTIFIER = "com.onurcankurt.MoviesApp-Firestore";
				PRODUCT_NAME = "$(TARGET_NAME)";
				SWIFT_EMIT_LOC_STRINGS = YES;
				SWIFT_VERSION = 5.0;
				TARGETED_DEVICE_FAMILY = "1,2";
			};
			name = Release;
		};
/* End XCBuildConfiguration section */

/* Begin XCConfigurationList section */
		77BE75ED2C07DA6700813093 /* Build configuration list for PBXProject "MoviesApp_Firestore" */ = {
			isa = XCConfigurationList;
			buildConfigurations = (
				77BE76042C07DA6900813093 /* Debug */,
				77BE76052C07DA6900813093 /* Release */,
			);
			defaultConfigurationIsVisible = 0;
			defaultConfigurationName = Release;
		};
		77BE76062C07DA6900813093 /* Build configuration list for PBXNativeTarget "MoviesApp_Firestore" */ = {
			isa = XCConfigurationList;
			buildConfigurations = (
				77BE76072C07DA6900813093 /* Debug */,
				77BE76082C07DA6900813093 /* Release */,
			);
			defaultConfigurationIsVisible = 0;
			defaultConfigurationName = Release;
		};
/* End XCConfigurationList section */
	};
	rootObject = 77BE75EA2C07DA6700813093 /* Project object */;
}
